
Microsoft Visual Studio Solution File, Format Version 12.00
# Visual Studio Version 16
VisualStudioVersion = 16.0.31025.194
MinimumVisualStudioVersion = 10.0.40219.1
Project("{FAE04EC0-301F-11D3-BF4B-00C04F79EFBC}") = "UCASecurity.Web", "UCASecurity.Web\UCASecurity.Web.csproj", "{0599E068-6811-4DD3-9AA9-52CB42FD82BF}"
EndProject
Project("{FAE04EC0-301F-11D3-BF4B-00C04F79EFBC}") = "UCASecurity.Encryption", "UCASecurity.Encryption\UCASecurity.Encryption.csproj", "{EBB321A1-41C4-40B3-9F78-514E4FAC8677}"
EndProject
Global
	GlobalSection(SolutionConfigurationPlatforms) = preSolution
		Debug|Any CPU = Debug|Any CPU
		Release|Any CPU = Release|Any CPU
	EndGlobalSection
	GlobalSection(ProjectConfigurationPlatforms) = postSolution
		{0599E068-6811-4DD3-9AA9-52CB42FD82BF}.Debug|Any CPU.ActiveCfg = Debug|Any CPU
		{0599E068-6811-4DD3-9AA9-52CB42FD82BF}.Debug|Any CPU.Build.0 = Debug|Any CPU
		{0599E068-6811-4DD3-9AA9-52CB42FD82BF}.Release|Any CPU.ActiveCfg = Release|Any CPU
		{0599E068-6811-4DD3-9AA9-52CB42FD82BF}.Release|Any CPU.Build.0 = Release|Any CPU
		{EBB321A1-41C4-40B3-9F78-514E4FAC8677}.Debug|Any CPU.ActiveCfg = Debug|Any CPU
		{EBB321A1-41C4-40B3-9F78-514E4FAC8677}.Debug|Any CPU.Build.0 = Debug|Any CPU
		{EBB321A1-41C4-40B3-9F78-514E4FAC8677}.Release|Any CPU.ActiveCfg = Release|Any CPU
		{EBB321A1-41C4-40B3-9F78-514E4FAC8677}.Release|Any CPU.Build.0 = Release|Any CPU
	EndGlobalSection
	GlobalSection(SolutionProperties) = preSolution
		HideSolutionNode = FALSE
	EndGlobalSection
	GlobalSection(ExtensibilityGlobals) = postSolution
		SolutionGuid = {80524034-5912-4A83-B72B-8099007C78CD}
	EndGlobalSection
EndGlobal
